
Microsoft Visual Studio Solution File, Format Version 12.00
# Visual Studio Version 16
VisualStudioVersion = 16.0.32228.343
MinimumVisualStudioVersion = 10.0.40219.1
Project("{FAE04EC0-301F-11D3-BF4B-00C04F79EFBC}") = "GuessingGameInfinite", "GuessingGameInfinite\GuessingGameInfinite.csproj", "{7E5C97A8-B5CE-49DD-A5AB-673F92F3F599}"
EndProject
Project("{FAE04EC0-301F-11D3-BF4B-00C04F79EFBC}") = "GuessingGameThreeTries", "GuessingGameThreeTries\GuessingGameThreeTries.csproj", "{81B778D6-7600-4CA0-AFEF-8FA46DAEBAD7}"
EndProject
Global
	GlobalSection(SolutionConfigurationPlatforms) = preSolution
		Debug|Any CPU = Debug|Any CPU
		Release|Any CPU = Release|Any CPU
	EndGlobalSection
	GlobalSection(ProjectConfigurationPlatforms) = postSolution
		{7E5C97A8-B5CE-49DD-A5AB-673F92F3F599}.Debug|Any CPU.ActiveCfg = Debug|Any CPU
		{7E5C97A8-B5CE-49DD-A5AB-673F92F3F599}.Debug|Any CPU.Build.0 = Debug|Any CPU
		{7E5C97A8-B5CE-49DD-A5AB-673F92F3F599}.Release|Any CPU.ActiveCfg = Release|Any CPU
		{7E5C97A8-B5CE-49DD-A5AB-673F92F3F599}.Release|Any CPU.Build.0 = Release|Any CPU
		{81B778D6-7600-4CA0-AFEF-8FA46DAEBAD7}.Debug|Any CPU.ActiveCfg = Debug|Any CPU
		{81B778D6-7600-4CA0-AFEF-8FA46DAEBAD7}.Debug|Any CPU.Build.0 = Debug|Any CPU
		{81B778D6-7600-4CA0-AFEF-8FA46DAEBAD7}.Release|Any CPU.ActiveCfg = Release|Any CPU
		{81B778D6-7600-4CA0-AFEF-8FA46DAEBAD7}.Release|Any CPU.Build.0 = Release|Any CPU
	EndGlobalSection
	GlobalSection(SolutionProperties) = preSolution
		HideSolutionNode = FALSE
	EndGlobalSection
	GlobalSection(ExtensibilityGlobals) = postSolution
		SolutionGuid = {65F52608-B595-41EB-9D80-685FB2D329E1}
	EndGlobalSection
EndGlobal
